
Microsoft Visual Studio Solution File, Format Version 12.00
# Visual Studio Version 17
VisualStudioVersion = 17.0.31903.59
MinimumVisualStudioVersion = 10.0.40219.1
Project("{FAE04EC0-301F-11D3-BF4B-00C04F79EFBC}") = "StringLibrary", "StringLibrary\StringLibrary.csproj", "{88A41A3B-C2DE-42C9-A329-C3E744DF621C}"
EndProject
Project("{FAE04EC0-301F-11D3-BF4B-00C04F79EFBC}") = "ShowCase", "ShowCase\ShowCase.csproj", "{DE4831F1-56E4-44F6-BA47-7BADDB1259D4}"
EndProject
Project("{FAE04EC0-301F-11D3-BF4B-00C04F79EFBC}") = "StringLibraryTest", "StringLibraryTest\StringLibraryTest.csproj", "{B05BF39E-6D24-4DD7-9F65-C798A072A187}"
EndProject
Global
	GlobalSection(SolutionConfigurationPlatforms) = preSolution
		Debug|Any CPU = Debug|Any CPU
		Release|Any CPU = Release|Any CPU
	EndGlobalSection
	GlobalSection(SolutionProperties) = preSolution
		HideSolutionNode = FALSE
	EndGlobalSection
	GlobalSection(ProjectConfigurationPlatforms) = postSolution
		{88A41A3B-C2DE-42C9-A329-C3E744DF621C}.Debug|Any CPU.ActiveCfg = Debug|Any CPU
		{88A41A3B-C2DE-42C9-A329-C3E744DF621C}.Debug|Any CPU.Build.0 = Debug|Any CPU
		{88A41A3B-C2DE-42C9-A329-C3E744DF621C}.Release|Any CPU.ActiveCfg = Release|Any CPU
		{88A41A3B-C2DE-42C9-A329-C3E744DF621C}.Release|Any CPU.Build.0 = Release|Any CPU
		{DE4831F1-56E4-44F6-BA47-7BADDB1259D4}.Debug|Any CPU.ActiveCfg = Debug|Any CPU
		{DE4831F1-56E4-44F6-BA47-7BADDB1259D4}.Debug|Any CPU.Build.0 = Debug|Any CPU
		{DE4831F1-56E4-44F6-BA47-7BADDB1259D4}.Release|Any CPU.ActiveCfg = Release|Any CPU
		{DE4831F1-56E4-44F6-BA47-7BADDB1259D4}.Release|Any CPU.Build.0 = Release|Any CPU
		{B05BF39E-6D24-4DD7-9F65-C798A072A187}.Debug|Any CPU.ActiveCfg = Debug|Any CPU
		{B05BF39E-6D24-4DD7-9F65-C798A072A187}.Debug|Any CPU.Build.0 = Debug|Any CPU
		{B05BF39E-6D24-4DD7-9F65-C798A072A187}.Release|Any CPU.ActiveCfg = Release|Any CPU
		{B05BF39E-6D24-4DD7-9F65-C798A072A187}.Release|Any CPU.Build.0 = Release|Any CPU
	EndGlobalSection
EndGlobal
